
Microsoft Visual Studio Solution File, Format Version 12.00
# Visual Studio 15
VisualStudioVersion = 15.0.28307.572
MinimumVisualStudioVersion = 10.0.40219.1
Project("{FAE04EC0-301F-11D3-BF4B-00C04F79EFBC}") = "LINQExamples", "LINQExamples\LINQExamples.csproj", "{EA100856-D40F-4357-BC00-86491A579AFD}"
EndProject
Global
	GlobalSection(SolutionConfigurationPlatforms) = preSolution
		Debug|Any CPU = Debug|Any CPU
		Release|Any CPU = Release|Any CPU
	EndGlobalSection
	GlobalSection(ProjectConfigurationPlatforms) = postSolution
		{EA100856-D40F-4357-BC00-86491A579AFD}.Debug|Any CPU.ActiveCfg = Debug|Any CPU
		{EA100856-D40F-4357-BC00-86491A579AFD}.Debug|Any CPU.Build.0 = Debug|Any CPU
		{EA100856-D40F-4357-BC00-86491A579AFD}.Release|Any CPU.ActiveCfg = Release|Any CPU
		{EA100856-D40F-4357-BC00-86491A579AFD}.Release|Any CPU.Build.0 = Release|Any CPU
	EndGlobalSection
	GlobalSection(SolutionProperties) = preSolution
		HideSolutionNode = FALSE
	EndGlobalSection
	GlobalSection(ExtensibilityGlobals) = postSolution
		SolutionGuid = {4D0FE296-83E4-4282-A4EA-D84F91DA737A}
	EndGlobalSection
EndGlobal
